
Microsoft Visual Studio Solution File, Format Version 12.00
# Visual Studio Version 17
VisualStudioVersion = 17.0.32014.148
MinimumVisualStudioVersion = 10.0.40219.1
Project("{9A19103F-16F7-4668-BE54-9A1E7A4F7556}") = "PTWebParser", "PTWebParser\PTWebParser.csproj", "{002C7BE4-3ACD-4E63-B60F-C1342775E454}"
EndProject
Project("{8BC9CEB8-8B4A-11D0-8D11-00A0C91BC942}") = "VendoreCodeParser", "VendoreCodeParser\VendoreCodeParser.vcxproj", "{060A1C6C-D3D3-46C3-8377-F4428818150D}"
EndProject
Global
	GlobalSection(SolutionConfigurationPlatforms) = preSolution
		Debug|Any CPU = Debug|Any CPU
		Debug|x64 = Debug|x64
		Debug|x86 = Debug|x86
		Release|Any CPU = Release|Any CPU
		Release|x64 = Release|x64
		Release|x86 = Release|x86
	EndGlobalSection
	GlobalSection(ProjectConfigurationPlatforms) = postSolution
		{002C7BE4-3ACD-4E63-B60F-C1342775E454}.Debug|Any CPU.ActiveCfg = Debug|x86
		{002C7BE4-3ACD-4E63-B60F-C1342775E454}.Debug|Any CPU.Build.0 = Debug|x86
		{002C7BE4-3ACD-4E63-B60F-C1342775E454}.Debug|x64.ActiveCfg = Debug|x64
		{002C7BE4-3ACD-4E63-B60F-C1342775E454}.Debug|x64.Build.0 = Debug|x64
		{002C7BE4-3ACD-4E63-B60F-C1342775E454}.Debug|x86.ActiveCfg = Debug|Any CPU
		{002C7BE4-3ACD-4E63-B60F-C1342775E454}.Debug|x86.Build.0 = Debug|Any CPU
		{002C7BE4-3ACD-4E63-B60F-C1342775E454}.Release|Any CPU.ActiveCfg = Release|Any CPU
		{002C7BE4-3ACD-4E63-B60F-C1342775E454}.Release|Any CPU.Build.0 = Release|Any CPU
		{002C7BE4-3ACD-4E63-B60F-C1342775E454}.Release|x64.ActiveCfg = Release|Any CPU
		{002C7BE4-3ACD-4E63-B60F-C1342775E454}.Release|x64.Build.0 = Release|Any CPU
		{002C7BE4-3ACD-4E63-B60F-C1342775E454}.Release|x86.ActiveCfg = Release|x86
		{002C7BE4-3ACD-4E63-B60F-C1342775E454}.Release|x86.Build.0 = Release|x86
		{060A1C6C-D3D3-46C3-8377-F4428818150D}.Debug|Any CPU.ActiveCfg = Debug|Win32
		{060A1C6C-D3D3-46C3-8377-F4428818150D}.Debug|Any CPU.Build.0 = Debug|Win32
		{060A1C6C-D3D3-46C3-8377-F4428818150D}.Debug|x64.ActiveCfg = Debug|x64
		{060A1C6C-D3D3-46C3-8377-F4428818150D}.Debug|x64.Build.0 = Debug|x64
		{060A1C6C-D3D3-46C3-8377-F4428818150D}.Debug|x86.ActiveCfg = Debug|Win32
		{060A1C6C-D3D3-46C3-8377-F4428818150D}.Debug|x86.Build.0 = Debug|Win32
		{060A1C6C-D3D3-46C3-8377-F4428818150D}.Release|Any CPU.ActiveCfg = Release|x64
		{060A1C6C-D3D3-46C3-8377-F4428818150D}.Release|Any CPU.Build.0 = Release|x64
		{060A1C6C-D3D3-46C3-8377-F4428818150D}.Release|x64.ActiveCfg = Release|x64
		{060A1C6C-D3D3-46C3-8377-F4428818150D}.Release|x64.Build.0 = Release|x64
		{060A1C6C-D3D3-46C3-8377-F4428818150D}.Release|x86.ActiveCfg = Release|Win32
		{060A1C6C-D3D3-46C3-8377-F4428818150D}.Release|x86.Build.0 = Release|Win32
	EndGlobalSection
	GlobalSection(SolutionProperties) = preSolution
		HideSolutionNode = FALSE
	EndGlobalSection
	GlobalSection(ExtensibilityGlobals) = postSolution
		SolutionGuid = {1DBC4E66-DCC0-4CF5-A585-FFD4972BB6E7}
	EndGlobalSection
EndGlobal
